PODS:
  - Masonry (1.1.0)
  - MBProgressHUD (1.2.0)
  - RMStore (0.7.1):
    - RMStore/Core (= 0.7.1)
  - RMStore/Core (0.7.1)
  - YYModel (1.0.4)

DEPENDENCIES:
  - Masonry
  - MBProgressHUD (~> 1.2.0)
  - RMStore
  - YYModel

SPEC REPOS:
  trunk:
    - Masonry
    - MBProgressHUD
    - RMStore
    - YYModel

SPEC CHECKSUMS:
  Masonry: 678fab65091a9290e40e2832a55e7ab731aad201
  MBProgressHUD: 3ee5efcc380f6a79a7cc9b363dd669c5e1ae7406
  RMStore: 64ba13a9c040e3b7572765d169f77175cd3243e5
  YYModel: 2a7fdd96aaa4b86a824e26d0c517de8928c04b30

PODFILE CHECKSUM: 267cd13d2e6545ce6e8c2c50b5df9bf9c73ed564

COCOAPODS: 1.15.2
